{
  "version": 4,
  "terraform_version": "1.4.4",
  "serial": 72,
  "lineage": "31f3d407-15d5-7ff1-bf1d-63634f8cb570",
  "outputs": {},
  "resources": [
    {
      "mode": "data",
      "type": "aws_eks_cluster",
      "name": "eks",
      "provider": "provider[\"registry.terraform.io/hashicorp/aws\"]",
      "instances": [
        {
          "schema_version": 0,
          "attributes": {
            "arn": "arn:aws:eks:us-east-1:891376962587:cluster/jjtech-demo-cluster",
            "certificate_authority": [
              {
                "data": "LS0tLS1CRUdJTiBDRVJUSUZJQ0FURS0tLS0tCk1JSURCVENDQWUyZ0F3SUJBZ0lJWW53NStRaUNiVEl3RFFZSktvWklodmNOQVFFTEJRQXdGVEVUTUJFR0ExVUUKQXhNS2EzVmlaWEp1WlhSbGN6QWVGdzB5TkRBME1UY3lNek00TVRWYUZ3MHpOREEwTVRVeU16UXpNVFZhTUJVeApFekFSQmdOVkJBTVRDbXQxWW1WeWJtVjBaWE13Z2dFaU1BMEdDU3FHU0liM0RRRUJBUVVBQTRJQkR3QXdnZ0VLCkFvSUJBUUNmRUt3c3JSc1Rua2pMWjlyWnRObDlmMUJHUGRuY0V1bTZoVm96NXNlMmFhRmZueFVkdCt5UFdrWDIKOU43SUdKRkJmeUpsZnN1OTdJMXVWVjRUVTdpZ3o3WWhkaWZyQTFnUzRGNG5BTVhBK2Ird05meEhDNWxtcGFXcQppYjZRWWlrcFpGeFVnYTlHbmUwdzBjb0hmRk1EMmJ0QmF1WWVKdHVsTDUxcEl1ZGxuTkMxTEVzOXFBd3NuZHhDClNobkJKdnRXLzhmR3FGTld4R2pZRHdwVDV3Ukw5YW9NQ1FQc2pUVEtlWCs0UmFZK0g3NjVuTGl6bk51dmRELzQKQjRLb3ljOEtNUEJLR09PaVI3WXM2U1ZkVmFkZWUzY1d1VHlza05TVzRVMjI5UFZBNS9waDBZOStBM0xZZUR2TQprVnlKMW1qRlNEYzFWaWNGZ05pbnExYWJoOG1OQWdNQkFBR2pXVEJYTUE0R0ExVWREd0VCL3dRRUF3SUNwREFQCkJnTlZIUk1CQWY4RUJUQURBUUgvTUIwR0ExVWREZ1FXQkJSRDVIeFlJTUhmalZoZnhISTlLRWNKRHR6R3VUQVYKQmdOVkhSRUVEakFNZ2dwcmRXSmxjbTVsZEdWek1BMEdDU3FHU0liM0RRRUJDd1VBQTRJQkFRQU5Id0pPU3hqbQpON3VZQjl2TUpjOGFCRzgxNXc5Q2VvQUVmM1VuZXd4NUdqVlZYT3JNdmFjQy9JZXZndFp5cSt1ZGN3OGttTnlMCm0yZzNoTmpaSUhPTlB5TEwvTDlLOTBqODFoQnMrT1BxV2NvM0hEYkFSb1BaSWI3a2F0VjVnc25mVEVSclZpSGsKdHdZR3NwclhZZCtzSVRwMXFOUGkwZktxblNkTStYK1doOTd0U0FzZjMrTUtsU0ZiTzBPbitGNHo5T2hxK3VsSwoyN21nSmhRL00wM2dHc2xUcjlRQStqeExSY3pZZEVzOGFsM1RXLzRuSjd1L1RjNzdDK2xsQmtkMHpBM0VhSjREClROS0NmckJwNzlETEhnSThUeFJjYnNXK0FjZVNKUmhDbERTTDJJc1F3ZUdJOVRXMnZYZGV0bklrZFI3b1ZtbE0KRndFcm41UkhCS0JrCi0tLS0tRU5EIENFUlRJRklDQVRFLS0tLS0K"
              }
            ],
            "cluster_id": null,
            "created_at": "2024-04-17 23:38:17.157 +0000 UTC",
            "enabled_cluster_log_types": [],
            "endpoint": "https://2EF7305E00F74255427761ACDC2EC4A8.gr7.us-east-1.eks.amazonaws.com",
            "id": "jjtech-demo-cluster",
            "identity": [
              {
                "oidc": [
                  {
                    "issuer": "https://oidc.eks.us-east-1.amazonaws.com/id/2EF7305E00F74255427761ACDC2EC4A8"
                  }
                ]
              }
            ],
            "kubernetes_network_config": [
              {
                "ip_family": "ipv4",
                "service_ipv4_cidr": "172.20.0.0/16",
                "service_ipv6_cidr": ""
              }
            ],
            "name": "jjtech-demo-cluster",
            "outpost_config": [],
            "platform_version": "eks.16",
            "role_arn": "arn:aws:iam::891376962587:role/eks-cluster-jjtech-demo-cluster",
            "status": "ACTIVE",
            "tags": {
              "Name": "k8s_tower_batch",
              "project": "eks_demo"
            },
            "version": "1.27",
            "vpc_config": [
              {
                "cluster_security_group_id": "sg-02e19ad8865e4c203",
                "endpoint_private_access": false,
                "endpoint_public_access": true,
                "public_access_cidrs": [
                  "0.0.0.0/0"
                ],
                "security_group_ids": [
                  "sg-0fa70b6c398223ab4"
                ],
                "subnet_ids": [
                  "subnet-05ecbdd53dbbe0525",
                  "subnet-07de15b9bd32d1393",
                  "subnet-0ea9ac47381c8cfe9",
                  "subnet-0fcbab0eda981ddba"
                ],
                "vpc_id": "vpc-0fc7cffd5907778d5"
              }
            ]
          },
          "sensitive_attributes": []
        }
      ]
    },
    {
      "mode": "data",
      "type": "aws_eks_cluster_auth",
      "name": "eks",
      "provider": "provider[\"registry.terraform.io/hashicorp/aws\"]",
      "instances": [
        {
          "schema_version": 0,
          "attributes": {
            "id": "jjtech-demo-cluster",
            "name": "jjtech-demo-cluster",
            "token": "k8s-aws-v1.aHR0cHM6Ly9zdHMuYW1hem9uYXdzLmNvbS8_QWN0aW9uPUdldENhbGxlcklkZW50aXR5JlZlcnNpb249MjAxMS0wNi0xNSZYLUFtei1BbGdvcml0aG09QVdTNC1ITUFDLVNIQTI1NiZYLUFtei1DcmVkZW50aWFsPUFLSUE0N0NSVkJRTldCTEZRSUdQJTJGMjAyNDA0MTglMkZ1cy1lYXN0LTElMkZzdHMlMkZhd3M0X3JlcXVlc3QmWC1BbXotRGF0ZT0yMDI0MDQxOFQwNDUzMzBaJlgtQW16LUV4cGlyZXM9MCZYLUFtei1TaWduZWRIZWFkZXJzPWhvc3QlM0J4LWs4cy1hd3MtaWQmWC1BbXotU2lnbmF0dXJlPWExNzg0NDllNjkyYzNmZjAxYTJiNDM2NzcyMmIyODQ3MGE3NjY4MjUzZDA2ZmUwZTdhOTMwNTZkM2VhNjlmNzY"
          },
          "sensitive_attributes": []
        }
      ]
    },
    {
      "mode": "managed",
      "type": "aws_eks_cluster",
      "name": "cluster",
      "provider": "provider[\"registry.terraform.io/hashicorp/aws\"]",
      "instances": [
        {
          "schema_version": 0,
          "attributes": {
            "arn": "arn:aws:eks:us-east-1:891376962587:cluster/jjtech-demo-cluster",
            "certificate_authority": [
              {
                "data": "LS0tLS1CRUdJTiBDRVJUSUZJQ0FURS0tLS0tCk1JSURCVENDQWUyZ0F3SUJBZ0lJWW53NStRaUNiVEl3RFFZSktvWklodmNOQVFFTEJRQXdGVEVUTUJFR0ExVUUKQXhNS2EzVmlaWEp1WlhSbGN6QWVGdzB5TkRBME1UY3lNek00TVRWYUZ3MHpOREEwTVRVeU16UXpNVFZhTUJVeApFekFSQmdOVkJBTVRDbXQxWW1WeWJtVjBaWE13Z2dFaU1BMEdDU3FHU0liM0RRRUJBUVVBQTRJQkR3QXdnZ0VLCkFvSUJBUUNmRUt3c3JSc1Rua2pMWjlyWnRObDlmMUJHUGRuY0V1bTZoVm96NXNlMmFhRmZueFVkdCt5UFdrWDIKOU43SUdKRkJmeUpsZnN1OTdJMXVWVjRUVTdpZ3o3WWhkaWZyQTFnUzRGNG5BTVhBK2Ird05meEhDNWxtcGFXcQppYjZRWWlrcFpGeFVnYTlHbmUwdzBjb0hmRk1EMmJ0QmF1WWVKdHVsTDUxcEl1ZGxuTkMxTEVzOXFBd3NuZHhDClNobkJKdnRXLzhmR3FGTld4R2pZRHdwVDV3Ukw5YW9NQ1FQc2pUVEtlWCs0UmFZK0g3NjVuTGl6bk51dmRELzQKQjRLb3ljOEtNUEJLR09PaVI3WXM2U1ZkVmFkZWUzY1d1VHlza05TVzRVMjI5UFZBNS9waDBZOStBM0xZZUR2TQprVnlKMW1qRlNEYzFWaWNGZ05pbnExYWJoOG1OQWdNQkFBR2pXVEJYTUE0R0ExVWREd0VCL3dRRUF3SUNwREFQCkJnTlZIUk1CQWY4RUJUQURBUUgvTUIwR0ExVWREZ1FXQkJSRDVIeFlJTUhmalZoZnhISTlLRWNKRHR6R3VUQVYKQmdOVkhSRUVEakFNZ2dwcmRXSmxjbTVsZEdWek1BMEdDU3FHU0liM0RRRUJDd1VBQTRJQkFRQU5Id0pPU3hqbQpON3VZQjl2TUpjOGFCRzgxNXc5Q2VvQUVmM1VuZXd4NUdqVlZYT3JNdmFjQy9JZXZndFp5cSt1ZGN3OGttTnlMCm0yZzNoTmpaSUhPTlB5TEwvTDlLOTBqODFoQnMrT1BxV2NvM0hEYkFSb1BaSWI3a2F0VjVnc25mVEVSclZpSGsKdHdZR3NwclhZZCtzSVRwMXFOUGkwZktxblNkTStYK1doOTd0U0FzZjMrTUtsU0ZiTzBPbitGNHo5T2hxK3VsSwoyN21nSmhRL00wM2dHc2xUcjlRQStqeExSY3pZZEVzOGFsM1RXLzRuSjd1L1RjNzdDK2xsQmtkMHpBM0VhSjREClROS0NmckJwNzlETEhnSThUeFJjYnNXK0FjZVNKUmhDbERTTDJJc1F3ZUdJOVRXMnZYZGV0bklrZFI3b1ZtbE0KRndFcm41UkhCS0JrCi0tLS0tRU5EIENFUlRJRklDQVRFLS0tLS0K"
              }
            ],
            "cluster_id": null,
            "created_at": "2024-04-17 23:38:17.157 +0000 UTC",
            "enabled_cluster_log_types": [],
            "encryption_config": [],
            "endpoint": "https://2EF7305E00F74255427761ACDC2EC4A8.gr7.us-east-1.eks.amazonaws.com",
            "id": "jjtech-demo-cluster",
            "identity": [
              {
                "oidc": [
                  {
                    "issuer": "https://oidc.eks.us-east-1.amazonaws.com/id/2EF7305E00F74255427761ACDC2EC4A8"
                  }
                ]
              }
            ],
            "kubernetes_network_config": [
              {
                "ip_family": "ipv4",
                "service_ipv4_cidr": "172.20.0.0/16",
                "service_ipv6_cidr": ""
              }
            ],
            "name": "jjtech-demo-cluster",
            "outpost_config": [],
            "platform_version": "eks.16",
            "role_arn": "arn:aws:iam::891376962587:role/eks-cluster-jjtech-demo-cluster",
            "status": "ACTIVE",
            "tags": {},
            "tags_all": {
              "Name": "k8s_tower_batch",
              "project": "eks_demo"
            },
            "timeouts": null,
            "version": "1.27",
            "vpc_config": [
              {
                "cluster_security_group_id": "sg-02e19ad8865e4c203",
                "endpoint_private_access": false,
                "endpoint_public_access": true,
                "public_access_cidrs": [
                  "0.0.0.0/0"
                ],
                "security_group_ids": [
                  "sg-0fa70b6c398223ab4"
                ],
                "subnet_ids": [
                  "subnet-05ecbdd53dbbe0525",
                  "subnet-07de15b9bd32d1393",
                  "subnet-0ea9ac47381c8cfe9",
                  "subnet-0fcbab0eda981ddba"
                ],
                "vpc_id": "vpc-0fc7cffd5907778d5"
              }
            ]
          },
          "sensitive_attributes": [],
          "private": "eyJlMmJmYjczMC1lY2FhLTExZTYtOGY4OC0zNDM2M2JjN2M0YzAiOnsiY3JlYXRlIjoxODAwMDAwMDAwMDAwLCJkZWxldGUiOjkwMDAwMDAwMDAwMCwidXBkYXRlIjozNjAwMDAwMDAwMDAwfX0=",
          "dependencies": [
            "aws_iam_role.eks-cluster",
            "aws_iam_role_policy_attachment.amazon-eks-cluster-policy",
            "aws_security_group.jjtech_cluster",
            "aws_subnet.private-us-east-1a",
            "aws_subnet.private-us-east-1b",
            "aws_subnet.public-us-east-1a",
            "aws_subnet.public-us-east-1b",
            "aws_vpc.main"
          ]
        }
      ]
    },
    {
      "mode": "managed",
      "type": "aws_iam_role",
      "name": "eks-cluster",
      "provider": "provider[\"registry.terraform.io/hashicorp/aws\"]",
      "instances": [
        {
          "schema_version": 0,
          "attributes": {
            "arn": "arn:aws:iam::891376962587:role/eks-cluster-jjtech-demo-cluster",
            "assume_role_policy": "{\"Statement\":[{\"Action\":\"sts:AssumeRole\",\"Effect\":\"Allow\",\"Principal\":{\"Service\":\"eks.amazonaws.com\"}}],\"Version\":\"2012-10-17\"}",
            "create_date": "2024-04-17T23:37:49Z",
            "description": "",
            "force_detach_policies": false,
            "id": "eks-cluster-jjtech-demo-cluster",
            "inline_policy": [],
            "managed_policy_arns": [
              "arn:aws:iam::aws:policy/AmazonEKSClusterPolicy",
              "arn:aws:iam::aws:policy/AmazonElasticFileSystemReadOnlyAccess"
            ],
            "max_session_duration": 3600,
            "name": "eks-cluster-jjtech-demo-cluster",
            "name_prefix": "",
            "path": "/",
            "permissions_boundary": null,
            "role_last_used": [
              {
                "last_used_date": "2024-04-18T04:29:06Z",
                "region": "us-east-1"
              }
            ],
            "tags": {},
            "tags_all": {
              "Name": "k8s_tower_batch",
              "project": "eks_demo"
            },
            "unique_id": "AROA47CRVBQNQIZ56JM5N"
          },
          "sensitive_attributes": [],
          "private": "bnVsbA=="
        }
      ]
    },
    {
      "mode": "managed",
      "type": "aws_iam_role_policy_attachment",
      "name": "amazon-eks-cluster-policy",
      "provider": "provider[\"registry.terraform.io/hashicorp/aws\"]",
      "instances": [
        {
          "schema_version": 0,
          "attributes": {
            "id": "eks-cluster-jjtech-demo-cluster-20240417233750764300000003",
            "policy_arn": "arn:aws:iam::aws:policy/AmazonEKSClusterPolicy",
            "role": "eks-cluster-jjtech-demo-cluster"
          },
          "sensitive_attributes": [],
          "private": "bnVsbA==",
          "dependencies": [
            "aws_iam_role.eks-cluster"
          ]
        }
      ]
    },
    {
      "mode": "managed",
      "type": "aws_internet_gateway",
      "name": "igw",
      "provider": "provider[\"registry.terraform.io/hashicorp/aws\"]",
      "instances": [
        {
          "schema_version": 0,
          "attributes": {
            "arn": "arn:aws:ec2:us-east-1:891376962587:internet-gateway/igw-07efe572ad3f038b7",
            "id": "igw-07efe572ad3f038b7",
            "owner_id": "891376962587",
            "tags": {
              "Name": "igw"
            },
            "tags_all": {
              "Name": "igw",
              "project": "eks_demo"
            },
            "timeouts": null,
            "vpc_id": "vpc-0fc7cffd5907778d5"
          },
          "sensitive_attributes": [],
          "private": "eyJlMmJmYjczMC1lY2FhLTExZTYtOGY4OC0zNDM2M2JjN2M0YzAiOnsiY3JlYXRlIjoxMjAwMDAwMDAwMDAwLCJkZWxldGUiOjEyMDAwMDAwMDAwMDAsInVwZGF0ZSI6MTIwMDAwMDAwMDAwMH19",
          "dependencies": [
            "aws_vpc.main"
          ]
        }
      ]
    },
    {
      "mode": "managed",
      "type": "aws_security_group",
      "name": "jjtech_cluster",
      "provider": "provider[\"registry.terraform.io/hashicorp/aws\"]",
      "instances": [
        {
          "schema_version": 1,
          "attributes": {
            "arn": "arn:aws:ec2:us-east-1:891376962587:security-group/sg-0fa70b6c398223ab4",
            "description": "Cluster communication with worker nodes",
            "egress": [
              {
                "cidr_blocks": [
                  "0.0.0.0/0"
                ],
                "description": "",
                "from_port": 0,
                "ipv6_cidr_blocks": [],
                "prefix_list_ids": [],
                "protocol": "-1",
                "security_groups": [],
                "self": false,
                "to_port": 0
              }
            ],
            "id": "sg-0fa70b6c398223ab4",
            "ingress": [
              {
                "cidr_blocks": [
                  "0.0.0.0/0"
                ],
                "description": "",
                "from_port": 2049,
                "ipv6_cidr_blocks": [],
                "prefix_list_ids": [],
                "protocol": "tcp",
                "security_groups": [],
                "self": false,
                "to_port": 2049
              },
              {
                "cidr_blocks": [
                  "0.0.0.0/0"
                ],
                "description": "",
                "from_port": 443,
                "ipv6_cidr_blocks": [],
                "prefix_list_ids": [],
                "protocol": "tcp",
                "security_groups": [],
                "self": false,
                "to_port": 443
              },
              {
                "cidr_blocks": [
                  "0.0.0.0/0"
                ],
                "description": "",
                "from_port": 8080,
                "ipv6_cidr_blocks": [],
                "prefix_list_ids": [],
                "protocol": "tcp",
                "security_groups": [],
                "self": false,
                "to_port": 8080
              },
              {
                "cidr_blocks": [
                  "0.0.0.0/0"
                ],
                "description": "",
                "from_port": 80,
                "ipv6_cidr_blocks": [],
                "prefix_list_ids": [],
                "protocol": "tcp",
                "security_groups": [],
                "self": false,
                "to_port": 80
              },
              {
                "cidr_blocks": [
                  "0.0.0.0/0"
                ],
                "description": "",
                "from_port": 9090,
                "ipv6_cidr_blocks": [],
                "prefix_list_ids": [],
                "protocol": "tcp",
                "security_groups": [],
                "self": false,
                "to_port": 9090
              },
              {
                "cidr_blocks": [
                  "0.0.0.0/0"
                ],
                "description": "",
                "from_port": 9443,
                "ipv6_cidr_blocks": [],
                "prefix_list_ids": [],
                "protocol": "tcp",
                "security_groups": [],
                "self": false,
                "to_port": 9443
              }
            ],
            "name": "jjtech-cluster-sg",
            "name_prefix": "",
            "owner_id": "891376962587",
            "revoke_rules_on_delete": false,
            "tags": {},
            "tags_all": {
              "Name": "k8s_tower_batch",
              "project": "eks_demo"
            },
            "timeouts": null,
            "vpc_id": "vpc-0fc7cffd5907778d5"
          },
          "sensitive_attributes": [],
          "private": "eyJlMmJmYjczMC1lY2FhLTExZTYtOGY4OC0zNDM2M2JjN2M0YzAiOnsiY3JlYXRlIjo2MDAwMDAwMDAwMDAsImRlbGV0ZSI6OTAwMDAwMDAwMDAwfSwic2NoZW1hX3ZlcnNpb24iOiIxIn0=",
          "dependencies": [
            "aws_vpc.main"
          ]
        }
      ]
    },
    {
      "mode": "managed",
      "type": "aws_subnet",
      "name": "private-us-east-1a",
      "provider": "provider[\"registry.terraform.io/hashicorp/aws\"]",
      "instances": [
        {
          "schema_version": 1,
          "attributes": {
            "arn": "arn:aws:ec2:us-east-1:891376962587:subnet/subnet-05ecbdd53dbbe0525",
            "assign_ipv6_address_on_creation": false,
            "availability_zone": "us-east-1a",
            "availability_zone_id": "use1-az2",
            "cidr_block": "10.20.0.0/24",
            "customer_owned_ipv4_pool": "",
            "enable_dns64": false,
            "enable_lni_at_device_index": 0,
            "enable_resource_name_dns_a_record_on_launch": false,
            "enable_resource_name_dns_aaaa_record_on_launch": false,
            "id": "subnet-05ecbdd53dbbe0525",
            "ipv6_cidr_block": "",
            "ipv6_cidr_block_association_id": "",
            "ipv6_native": false,
            "map_customer_owned_ip_on_launch": false,
            "map_public_ip_on_launch": false,
            "outpost_arn": "",
            "owner_id": "891376962587",
            "private_dns_hostname_type_on_launch": "ip-name",
            "tags": {
              "Name": "private-us-east-1a",
              "kubernetes.io/cluster/jjtech-demo-cluster": "owned",
              "kubernetes.io/role/internal-elb": "1"
            },
            "tags_all": {
              "Name": "private-us-east-1a",
              "kubernetes.io/cluster/jjtech-demo-cluster": "owned",
              "kubernetes.io/role/internal-elb": "1",
              "project": "eks_demo"
            },
            "timeouts": null,
            "vpc_id": "vpc-0fc7cffd5907778d5"
          },
          "sensitive_attributes": [],
          "private": "eyJlMmJmYjczMC1lY2FhLTExZTYtOGY4OC0zNDM2M2JjN2M0YzAiOnsiY3JlYXRlIjo2MDAwMDAwMDAwMDAsImRlbGV0ZSI6MTIwMDAwMDAwMDAwMH0sInNjaGVtYV92ZXJzaW9uIjoiMSJ9",
          "dependencies": [
            "aws_vpc.main"
          ]
        }
      ]
    },
    {
      "mode": "managed",
      "type": "aws_subnet",
      "name": "private-us-east-1b",
      "provider": "provider[\"registry.terraform.io/hashicorp/aws\"]",
      "instances": [
        {
          "schema_version": 1,
          "attributes": {
            "arn": "arn:aws:ec2:us-east-1:891376962587:subnet/subnet-0fcbab0eda981ddba",
            "assign_ipv6_address_on_creation": false,
            "availability_zone": "us-east-1b",
            "availability_zone_id": "use1-az4",
            "cidr_block": "10.20.32.0/24",
            "customer_owned_ipv4_pool": "",
            "enable_dns64": false,
            "enable_lni_at_device_index": 0,
            "enable_resource_name_dns_a_record_on_launch": false,
            "enable_resource_name_dns_aaaa_record_on_launch": false,
            "id": "subnet-0fcbab0eda981ddba",
            "ipv6_cidr_block": "",
            "ipv6_cidr_block_association_id": "",
            "ipv6_native": false,
            "map_customer_owned_ip_on_launch": false,
            "map_public_ip_on_launch": false,
            "outpost_arn": "",
            "owner_id": "891376962587",
            "private_dns_hostname_type_on_launch": "ip-name",
            "tags": {
              "Name": "private-us-east-1b",
              "kubernetes.io/cluster/jjtech-demo-cluster": "owned",
              "kubernetes.io/role/internal-elb": "1"
            },
            "tags_all": {
              "Name": "private-us-east-1b",
              "kubernetes.io/cluster/jjtech-demo-cluster": "owned",
              "kubernetes.io/role/internal-elb": "1",
              "project": "eks_demo"
            },
            "timeouts": null,
            "vpc_id": "vpc-0fc7cffd5907778d5"
          },
          "sensitive_attributes": [],
          "private": "eyJlMmJmYjczMC1lY2FhLTExZTYtOGY4OC0zNDM2M2JjN2M0YzAiOnsiY3JlYXRlIjo2MDAwMDAwMDAwMDAsImRlbGV0ZSI6MTIwMDAwMDAwMDAwMH0sInNjaGVtYV92ZXJzaW9uIjoiMSJ9",
          "dependencies": [
            "aws_vpc.main"
          ]
        }
      ]
    },
    {
      "mode": "managed",
      "type": "aws_subnet",
      "name": "public-us-east-1a",
      "provider": "provider[\"registry.terraform.io/hashicorp/aws\"]",
      "instances": [
        {
          "schema_version": 1,
          "attributes": {
            "arn": "arn:aws:ec2:us-east-1:891376962587:subnet/subnet-0ea9ac47381c8cfe9",
            "assign_ipv6_address_on_creation": false,
            "availability_zone": "us-east-1a",
            "availability_zone_id": "use1-az2",
            "cidr_block": "10.20.64.0/24",
            "customer_owned_ipv4_pool": "",
            "enable_dns64": false,
            "enable_lni_at_device_index": 0,
            "enable_resource_name_dns_a_record_on_launch": false,
            "enable_resource_name_dns_aaaa_record_on_launch": false,
            "id": "subnet-0ea9ac47381c8cfe9",
            "ipv6_cidr_block": "",
            "ipv6_cidr_block_association_id": "",
            "ipv6_native": false,
            "map_customer_owned_ip_on_launch": false,
            "map_public_ip_on_launch": true,
            "outpost_arn": "",
            "owner_id": "891376962587",
            "private_dns_hostname_type_on_launch": "ip-name",
            "tags": {
              "Name": "public-us-east-1a",
              "kubernetes.io/cluster/jjtech-demo-cluster": "owned",
              "kubernetes.io/role/elb": "1"
            },
            "tags_all": {
              "Name": "public-us-east-1a",
              "kubernetes.io/cluster/jjtech-demo-cluster": "owned",
              "kubernetes.io/role/elb": "1",
              "project": "eks_demo"
            },
            "timeouts": null,
            "vpc_id": "vpc-0fc7cffd5907778d5"
          },
          "sensitive_attributes": [],
          "private": "eyJlMmJmYjczMC1lY2FhLTExZTYtOGY4OC0zNDM2M2JjN2M0YzAiOnsiY3JlYXRlIjo2MDAwMDAwMDAwMDAsImRlbGV0ZSI6MTIwMDAwMDAwMDAwMH0sInNjaGVtYV92ZXJzaW9uIjoiMSJ9",
          "dependencies": [
            "aws_vpc.main"
          ]
        }
      ]
    },
    {
      "mode": "managed",
      "type": "aws_subnet",
      "name": "public-us-east-1b",
      "provider": "provider[\"registry.terraform.io/hashicorp/aws\"]",
      "instances": [
        {
          "schema_version": 1,
          "attributes": {
            "arn": "arn:aws:ec2:us-east-1:891376962587:subnet/subnet-07de15b9bd32d1393",
            "assign_ipv6_address_on_creation": false,
            "availability_zone": "us-east-1b",
            "availability_zone_id": "use1-az4",
            "cidr_block": "10.20.96.0/20",
            "customer_owned_ipv4_pool": "",
            "enable_dns64": false,
            "enable_lni_at_device_index": 0,
            "enable_resource_name_dns_a_record_on_launch": false,
            "enable_resource_name_dns_aaaa_record_on_launch": false,
            "id": "subnet-07de15b9bd32d1393",
            "ipv6_cidr_block": "",
            "ipv6_cidr_block_association_id": "",
            "ipv6_native": false,
            "map_customer_owned_ip_on_launch": false,
            "map_public_ip_on_launch": true,
            "outpost_arn": "",
            "owner_id": "891376962587",
            "private_dns_hostname_type_on_launch": "ip-name",
            "tags": {
              "Name": "public-us-east-1b",
              "kubernetes.io/cluster/jjtech-demo-cluster": "owned",
              "kubernetes.io/role/elb": "1"
            },
            "tags_all": {
              "Name": "public-us-east-1b",
              "kubernetes.io/cluster/jjtech-demo-cluster": "owned",
              "kubernetes.io/role/elb": "1",
              "project": "eks_demo"
            },
            "timeouts": null,
            "vpc_id": "vpc-0fc7cffd5907778d5"
          },
          "sensitive_attributes": [],
          "private": "eyJlMmJmYjczMC1lY2FhLTExZTYtOGY4OC0zNDM2M2JjN2M0YzAiOnsiY3JlYXRlIjo2MDAwMDAwMDAwMDAsImRlbGV0ZSI6MTIwMDAwMDAwMDAwMH0sInNjaGVtYV92ZXJzaW9uIjoiMSJ9",
          "dependencies": [
            "aws_vpc.main"
          ]
        }
      ]
    },
    {
      "mode": "managed",
      "type": "aws_vpc",
      "name": "main",
      "provider": "provider[\"registry.terraform.io/hashicorp/aws\"]",
      "instances": [
        {
          "schema_version": 1,
          "attributes": {
            "arn": "arn:aws:ec2:us-east-1:891376962587:vpc/vpc-0fc7cffd5907778d5",
            "assign_generated_ipv6_cidr_block": false,
            "cidr_block": "10.20.0.0/16",
            "default_network_acl_id": "acl-05fd7b56327f31cff",
            "default_route_table_id": "rtb-02023d3cec7b224f2",
            "default_security_group_id": "sg-0af6741988d0c691a",
            "dhcp_options_id": "dopt-06a0f28475e7de195",
            "enable_classiclink": false,
            "enable_classiclink_dns_support": false,
            "enable_dns_hostnames": true,
            "enable_dns_support": true,
            "enable_network_address_usage_metrics": false,
            "id": "vpc-0fc7cffd5907778d5",
            "instance_tenancy": "default",
            "ipv4_ipam_pool_id": null,
            "ipv4_netmask_length": null,
            "ipv6_association_id": "",
            "ipv6_cidr_block": "",
            "ipv6_cidr_block_network_border_group": "",
            "ipv6_ipam_pool_id": "",
            "ipv6_netmask_length": 0,
            "main_route_table_id": "rtb-02023d3cec7b224f2",
            "owner_id": "891376962587",
            "tags": {
              "Name": "main"
            },
            "tags_all": {
              "Name": "main",
              "project": "eks_demo"
            }
          },
          "sensitive_attributes": [],
          "private": "eyJzY2hlbWFfdmVyc2lvbiI6IjEifQ=="
        }
      ]
    },
    {
      "mode": "managed",
      "type": "kubernetes_namespace",
      "name": "application",
      "provider": "provider[\"registry.terraform.io/hashicorp/kubernetes\"]",
      "instances": [
        {
          "schema_version": 0,
          "attributes": {
            "id": "application",
            "metadata": [
              {
                "annotations": {},
                "generate_name": "",
                "generation": 0,
                "labels": {
                  "app": "demo-app"
                },
                "name": "application",
                "resource_version": "683",
                "uid": "55f3c3f8-4646-4bcb-beda-7b952f9d49ed"
              }
            ],
            "timeouts": null,
            "wait_for_default_service_account": false
          },
          "sensitive_attributes": [],
          "private": "eyJlMmJmYjczMC1lY2FhLTExZTYtOGY4OC0zNDM2M2JjN2M0YzAiOnsiZGVsZXRlIjozMDAwMDAwMDAwMDB9fQ==",
          "dependencies": [
            "aws_eks_cluster.cluster",
            "aws_iam_role.eks-cluster",
            "aws_iam_role_policy_attachment.amazon-eks-cluster-policy",
            "aws_security_group.jjtech_cluster",
            "aws_subnet.private-us-east-1a",
            "aws_subnet.private-us-east-1b",
            "aws_subnet.public-us-east-1a",
            "aws_subnet.public-us-east-1b",
            "aws_vpc.main",
            "data.aws_eks_cluster.eks",
            "data.aws_eks_cluster_auth.eks"
          ]
        }
      ]
    }
  ],
  "check_results": null
}
